
Microsoft Visual Studio Solution File, Format Version 12.00
# Visual Studio Version 17
VisualStudioVersion = 17.5.33530.505
MinimumVisualStudioVersion = 10.0.40219.1
Project("{9A19103F-16F7-4668-BE54-9A1E7A4F7556}") = "LR2", "LR2\LR2.csproj", "{DC6B25D2-E3EF-46DD-9CDA-CA5BC5B9E501}"
EndProject
Project("{FAE04EC0-301F-11D3-BF4B-00C04F79EFBC}") = "LR2.1", "LR2.1\LR2.1.csproj", "{BA82359F-77D8-4762-978C-7659D3CCDC69}"
EndProject
Project("{FAE04EC0-301F-11D3-BF4B-00C04F79EFBC}") = "LR2.2", "LR2.2\LR2.2.csproj", "{82F572B2-8AB0-4CC5-A692-3A7E9EDE797B}"
EndProject
Project("{FAE04EC0-301F-11D3-BF4B-00C04F79EFBC}") = "LR2.3", "LR2.3\LR2.3.csproj", "{5B48BB30-45EA-4DDE-801C-1DBAD43D6A53}"
EndProject
Project("{FAE04EC0-301F-11D3-BF4B-00C04F79EFBC}") = "LR2.4", "LR2.4\LR2.4.csproj", "{C8AC2A2B-2197-44FF-9C95-A59D4E29C1FD}"
EndProject
Global
	GlobalSection(SolutionConfigurationPlatforms) = preSolution
		Debug|Any CPU = Debug|Any CPU
		Release|Any CPU = Release|Any CPU
	EndGlobalSection
	GlobalSection(ProjectConfigurationPlatforms) = postSolution
		{DC6B25D2-E3EF-46DD-9CDA-CA5BC5B9E501}.Debug|Any CPU.ActiveCfg = Debug|Any CPU
		{DC6B25D2-E3EF-46DD-9CDA-CA5BC5B9E501}.Debug|Any CPU.Build.0 = Debug|Any CPU
		{DC6B25D2-E3EF-46DD-9CDA-CA5BC5B9E501}.Release|Any CPU.ActiveCfg = Release|Any CPU
		{DC6B25D2-E3EF-46DD-9CDA-CA5BC5B9E501}.Release|Any CPU.Build.0 = Release|Any CPU
		{BA82359F-77D8-4762-978C-7659D3CCDC69}.Debug|Any CPU.ActiveCfg = Debug|Any CPU
		{BA82359F-77D8-4762-978C-7659D3CCDC69}.Debug|Any CPU.Build.0 = Debug|Any CPU
		{BA82359F-77D8-4762-978C-7659D3CCDC69}.Release|Any CPU.ActiveCfg = Release|Any CPU
		{BA82359F-77D8-4762-978C-7659D3CCDC69}.Release|Any CPU.Build.0 = Release|Any CPU
		{82F572B2-8AB0-4CC5-A692-3A7E9EDE797B}.Debug|Any CPU.ActiveCfg = Debug|Any CPU
		{82F572B2-8AB0-4CC5-A692-3A7E9EDE797B}.Debug|Any CPU.Build.0 = Debug|Any CPU
		{82F572B2-8AB0-4CC5-A692-3A7E9EDE797B}.Release|Any CPU.ActiveCfg = Release|Any CPU
		{82F572B2-8AB0-4CC5-A692-3A7E9EDE797B}.Release|Any CPU.Build.0 = Release|Any CPU
		{5B48BB30-45EA-4DDE-801C-1DBAD43D6A53}.Debug|Any CPU.ActiveCfg = Debug|Any CPU
		{5B48BB30-45EA-4DDE-801C-1DBAD43D6A53}.Debug|Any CPU.Build.0 = Debug|Any CPU
		{5B48BB30-45EA-4DDE-801C-1DBAD43D6A53}.Release|Any CPU.ActiveCfg = Release|Any CPU
		{5B48BB30-45EA-4DDE-801C-1DBAD43D6A53}.Release|Any CPU.Build.0 = Release|Any CPU
		{C8AC2A2B-2197-44FF-9C95-A59D4E29C1FD}.Debug|Any CPU.ActiveCfg = Debug|Any CPU
		{C8AC2A2B-2197-44FF-9C95-A59D4E29C1FD}.Debug|Any CPU.Build.0 = Debug|Any CPU
		{C8AC2A2B-2197-44FF-9C95-A59D4E29C1FD}.Release|Any CPU.ActiveCfg = Release|Any CPU
		{C8AC2A2B-2197-44FF-9C95-A59D4E29C1FD}.Release|Any CPU.Build.0 = Release|Any CPU
	EndGlobalSection
	GlobalSection(SolutionProperties) = preSolution
		HideSolutionNode = FALSE
	EndGlobalSection
	GlobalSection(ExtensibilityGlobals) = postSolution
		SolutionGuid = {B62DB9D3-37BF-4370-B0B7-70B812114AC0}
	EndGlobalSection
EndGlobal
