
Microsoft Visual Studio Solution File, Format Version 12.00
# Visual Studio Version 17
VisualStudioVersion = 17.5.33530.505
MinimumVisualStudioVersion = 10.0.40219.1
Project("{FAE04EC0-301F-11D3-BF4B-00C04F79EFBC}") = "LR3", "LR3.csproj", "{17D95A76-3E14-4A70-BA7E-348662979DEF}"
EndProject
Global
	GlobalSection(SolutionConfigurationPlatforms) = preSolution
		Debug|Any CPU = Debug|Any CPU
		Release|Any CPU = Release|Any CPU
	EndGlobalSection
	GlobalSection(ProjectConfigurationPlatforms) = postSolution
		{17D95A76-3E14-4A70-BA7E-348662979DEF}.Debug|Any CPU.ActiveCfg = Debug|Any CPU
		{17D95A76-3E14-4A70-BA7E-348662979DEF}.Debug|Any CPU.Build.0 = Debug|Any CPU
		{17D95A76-3E14-4A70-BA7E-348662979DEF}.Release|Any CPU.ActiveCfg = Release|Any CPU
		{17D95A76-3E14-4A70-BA7E-348662979DEF}.Release|Any CPU.Build.0 = Release|Any CPU
	EndGlobalSection
	GlobalSection(SolutionProperties) = preSolution
		HideSolutionNode = FALSE
	EndGlobalSection
	GlobalSection(ExtensibilityGlobals) = postSolution
		SolutionGuid = {AB615792-A6DE-4825-9749-C9353832D0EF}
	EndGlobalSection
EndGlobal
